// !$*UTF8*$!
{
	archiveVersion = 1;
	classes = {
	};
	objectVersion = 50;
	objects = {

/* Begin PBXBuildFile section */
		F58E97E72394E402007FBD22 /* AppDelegate.swift in Sources */ = {isa = PBXBuildFile; fileRef = F58E97E62394E402007FBD22 /* AppDelegate.swift */; };
		F58E97E92394E402007FBD22 /* ViewController.swift in Sources */ = {isa = PBXBuildFile; fileRef = F58E97E82394E402007FBD22 /* ViewController.swift */; };
		F58E97EC2394E402007FBD22 /* Main.storyboard in Resources */ = {isa = PBXBuildFile; fileRef = F58E97EA2394E402007FBD22 /* Main.storyboard */; };
		F58E97EE2394E40B007FBD22 /* Assets.xcassets in Resources */ = {isa = PBXBuildFile; fileRef = F58E97ED2394E40B007FBD22 /* Assets.xcassets */; };
		F58E97F12394E40B007FBD22 /* LaunchScreen.storyboard in Resources */ = {isa = PBXBuildFile; fileRef = F58E97EF2394E40B007FBD22 /* LaunchScreen.storyboard */; };
		F58E97FC2394E40B007FBD22 /* fruitTests.swift in Sources */ = {isa = PBXBuildFile; fileRef = F58E97FB2394E40B007FBD22 /* fruitTests.swift */; };
		F58E98072394E40B007FBD22 /* fruitUITests.swift in Sources */ = {isa = PBXBuildFile; fileRef = F58E98062394E40B007FBD22 /* fruitUITests.swift */; };
		F58E98182394E952007FBD22 /* fruit.xml in Resources */ = {isa = PBXBuildFile; fileRef = F58E98172394E952007FBD22 /* fruit.xml */; };
/* End PBXBuildFile section */

/* Begin PBXContainerItemProxy section */
		F58E97F82394E40B007FBD22 /* PBXContainerItemProxy */ = {
			isa = PBXContainerItemProxy;
			containerPortal = F58E97DB2394E402007FBD22 /* Project object */;
			proxyType = 1;
			remoteGlobalIDString = F58E97E22394E402007FBD22;
			remoteInfo = fruit;
		};
		F58E98032394E40B007FBD22 /* PBXContainerItemProxy */ = {
			isa = PBXContainerItemProxy;
			containerPortal = F58E97DB2394E402007FBD22 /* Project object */;
			proxyType = 1;
			remoteGlobalIDString = F58E97E22394E402007FBD22;
			remoteInfo = fruit;
		};
/* End PBXContainerItemProxy section */

/* Begin PBXFileReference section */
		F58E97E32394E402007FBD22 /* fruit.app */ = {isa = PBXFileReference; explicitFileType = wrapper.application; includeInIndex = 0; path = fruit.app; sourceTree = BUILT_PRODUCTS_DIR; };
		F58E97E62394E402007FBD22 /* AppDelegate.swift */ = {isa = PBXFileReference; lastKnownFileType = sourcecode.swift; path = AppDelegate.swift; sourceTree = "<group>"; };
		F58E97E82394E402007FBD22 /* ViewController.swift */ = {isa = PBXFileReference; lastKnownFileType = sourcecode.swift; path = ViewController.swift; sourceTree = "<group>"; };
		F58E97EB2394E402007FBD22 /* Base */ = {isa = PBXFileReference; lastKnownFileType = file.storyboard; name = Base; path = Base.lproj/Main.storyboard; sourceTree = "<group>"; };
		F58E97ED2394E40B007FBD22 /* Assets.xcassets */ = {isa = PBXFileReference; lastKnownFileType = folder.assetcatalog; path = Assets.xcassets; sourceTree = "<group>"; };
		F58E97F02394E40B007FBD22 /* Base */ = {isa = PBXFileReference; lastKnownFileType = file.storyboard; name = Base; path = Base.lproj/LaunchScreen.storyboard; sourceTree = "<group>"; };
		F58E97F22394E40B007FBD22 /* Info.plist */ = {isa = PBXFileReference; lastKnownFileType = text.plist.xml; path = Info.plist; sourceTree = "<group>"; };
		F58E97F72394E40B007FBD22 /* fruitTests.xctest */ = {isa = PBXFileReference; explicitFileType = wrapper.cfbundle; includeInIndex = 0; path = fruitTests.xctest; sourceTree = BUILT_PRODUCTS_DIR; };
		F58E97FB2394E40B007FBD22 /* fruitTests.swift */ = {isa = PBXFileReference; lastKnownFileType = sourcecode.swift; path = fruitTests.swift; sourceTree = "<group>"; };
		F58E97FD2394E40B007FBD22 /* Info.plist */ = {isa = PBXFileReference; lastKnownFileType = text.plist.xml; path = Info.plist; sourceTree = "<group>"; };
		F58E98022394E40B007FBD22 /* fruitUITests.xctest */ = {isa = PBXFileReference; explicitFileType = wrapper.cfbundle; includeInIndex = 0; path = fruitUITests.xctest; sourceTree = BUILT_PRODUCTS_DIR; };
		F58E98062394E40B007FBD22 /* fruitUITests.swift */ = {isa = PBXFileReference; lastKnownFileType = sourcecode.swift; path = fruitUITests.swift; sourceTree = "<group>"; };
		F58E98082394E40B007FBD22 /* Info.plist */ = {isa = PBXFileReference; lastKnownFileType = text.plist.xml; path = Info.plist; sourceTree = "<group>"; };
		F58E98172394E952007FBD22 /* fruit.xml */ = {isa = PBXFileReference; lastKnownFileType = text.xml; path = fruit.xml; sourceTree = "<group>"; };
/* End PBXFileReference section */

/* Begin PBXFrameworksBuildPhase section */
		F58E97E02394E402007FBD22 /* Frameworks */ = {
			isa = PBXFrameworksBuildPhase;
			buildActionMask = 2147483647;
			files = (
			);
			runOnlyForDeploymentPostprocessing = 0;
		};
		F58E97F42394E40B007FBD22 /* Frameworks */ = {
			isa = PBXFrameworksBuildPhase;
			buildActionMask = 2147483647;
			files = (
			);
			runOnlyForDeploymentPostprocessing = 0;
		};
		F58E97FF2394E40B007FBD22 /* Frameworks */ = {
			isa = PBXFrameworksBuildPhase;
			buildActionMask = 2147483647;
			files = (
			);
			runOnlyForDeploymentPostprocessing = 0;
		};
/* End PBXFrameworksBuildPhase section */

/* Begin PBXGroup section */
		F58E97DA2394E402007FBD22 = {
			isa = PBXGroup;
			children = (
				F58E97E52394E402007FBD22 /* fruit */,
				F58E97FA2394E40B007FBD22 /* fruitTests */,
				F58E98052394E40B007FBD22 /* fruitUITests */,
				F58E97E42394E402007FBD22 /* Products */,
			);
			sourceTree = "<group>";
		};
		F58E97E42394E402007FBD22 /* Products */ = {
			isa = PBXGroup;
			children = (
				F58E97E32394E402007FBD22 /* fruit.app */,
				F58E97F72394E40B007FBD22 /* fruitTests.xctest */,
				F58E98022394E40B007FBD22 /* fruitUITests.xctest */,
			);
			name = Products;
			sourceTree = "<group>";
		};
		F58E97E52394E402007FBD22 /* fruit */ = {
			isa = PBXGroup;
			children = (
				F58E97E62394E402007FBD22 /* AppDelegate.swift */,
				F58E97E82394E402007FBD22 /* ViewController.swift */,
				F58E98172394E952007FBD22 /* fruit.xml */,
				F58E97EA2394E402007FBD22 /* Main.storyboard */,
				F58E97ED2394E40B007FBD22 /* Assets.xcassets */,
				F58E97EF2394E40B007FBD22 /* LaunchScreen.storyboard */,
				F58E97F22394E40B007FBD22 /* Info.plist */,
			);
			path = fruit;
			sourceTree = "<group>";
		};
		F58E97FA2394E40B007FBD22 /* fruitTests */ = {
			isa = PBXGroup;
			children = (
				F58E97FB2394E40B007FBD22 /* fruitTests.swift */,
				F58E97FD2394E40B007FBD22 /* Info.plist */,
			);
			path = fruitTests;
			sourceTree = "<group>";
		};
		F58E98052394E40B007FBD22 /* fruitUITests */ = {
			isa = PBXGroup;
			children = (
				F58E98062394E40B007FBD22 /* fruitUITests.swift */,
				F58E98082394E40B007FBD22 /* Info.plist */,
			);
			path = fruitUITests;
			sourceTree = "<group>";
		};
/* End PBXGroup section */

/* Begin PBXNativeTarget section */
		F58E97E22394E402007FBD22 /* fruit */ = {
			isa = PBXNativeTarget;
			buildConfigurationList = F58E980B2394E40B007FBD22 /* Build configuration list for PBXNativeTarget "fruit" */;
			buildPhases = (
				F58E97DF2394E402007FBD22 /* Sources */,
				F58E97E02394E402007FBD22 /* Frameworks */,
				F58E97E12394E402007FBD22 /* Resources */,
			);
			buildRules = (
			);
			dependencies = (
			);
			name = fruit;
			productName = fruit;
			productReference = F58E97E32394E402007FBD22 /* fruit.app */;
			productType = "com.apple.product-type.application";
		};
		F58E97F62394E40B007FBD22 /* fruitTests */ = {
			isa = PBXNativeTarget;
			buildConfigurationList = F58E980E2394E40B007FBD22 /* Build configuration list for PBXNativeTarget "fruitTests" */;
			buildPhases = (
				F58E97F32394E40B007FBD22 /* Sources */,
				F58E97F42394E40B007FBD22 /* Frameworks */,
				F58E97F52394E40B007FBD22 /* Resources */,
			);
			buildRules = (
			);
			dependencies = (
				F58E97F92394E40B007FBD22 /* PBXTargetDependency */,
			);
			name = fruitTests;
			productName = fruitTests;
			productReference = F58E97F72394E40B007FBD22 /* fruitTests.xctest */;
			productType = "com.apple.product-type.bundle.unit-test";
		};
		F58E98012394E40B007FBD22 /* fruitUITests */ = {
			isa = PBXNativeTarget;
			buildConfigurationList = F58E98112394E40B007FBD22 /* Build configuration list for PBXNativeTarget "fruitUITests" */;
			buildPhases = (
				F58E97FE2394E40B007FBD22 /* Sources */,
				F58E97FF2394E40B007FBD22 /* Frameworks */,
				F58E98002394E40B007FBD22 /* Resources */,
			);
			buildRules = (
			);
			dependencies = (
				F58E98042394E40B007FBD22 /* PBXTargetDependency */,
			);
			name = fruitUITests;
			productName = fruitUITests;
			productReference = F58E98022394E40B007FBD22 /* fruitUITests.xctest */;
			productType = "com.apple.product-type.bundle.ui-testing";
		};
/* End PBXNativeTarget section */

/* Begin PBXProject section */
		F58E97DB2394E402007FBD22 /* Project object */ = {
			isa = PBXProject;
			attributes = {
				LastSwiftUpdateCheck = 1010;
				LastUpgradeCheck = 1010;
				ORGANIZATIONNAME = ParkSunjae;
				TargetAttributes = {
					F58E97E22394E402007FBD22 = {
						CreatedOnToolsVersion = 10.1;
					};
					F58E97F62394E40B007FBD22 = {
						CreatedOnToolsVersion = 10.1;
						TestTargetID = F58E97E22394E402007FBD22;
					};
					F58E98012394E40B007FBD22 = {
						CreatedOnToolsVersion = 10.1;
						TestTargetID = F58E97E22394E402007FBD22;
					};
				};
			};
			buildConfigurationList = F58E97DE2394E402007FBD22 /* Build configuration list for PBXProject "fruit" */;
			compatibilityVersion = "Xcode 9.3";
			developmentRegion = en;
			hasScannedForEncodings = 0;
			knownRegions = (
				en,
				Base,
			);
			mainGroup = F58E97DA2394E402007FBD22;
			productRefGroup = F58E97E42394E402007FBD22 /* Products */;
			projectDirPath = "";
			projectRoot = "";
			targets = (
				F58E97E22394E402007FBD22 /* fruit */,
				F58E97F62394E40B007FBD22 /* fruitTests */,
				F58E98012394E40B007FBD22 /* fruitUITests */,
			);
		};
/* End PBXProject section */

/* Begin PBXResourcesBuildPhase section */
		F58E97E12394E402007FBD22 /* Resources */ = {
			isa = PBXResourcesBuildPhase;
			buildActionMask = 2147483647;
			files = (
				F58E97F12394E40B007FBD22 /* LaunchScreen.storyboard in Resources */,
				F58E97EE2394E40B007FBD22 /* Assets.xcassets in Resources */,
				F58E98182394E952007FBD22 /* fruit.xml in Resources */,
				F58E97EC2394E402007FBD22 /* Main.storyboard in Resources */,
			);
			runOnlyForDeploymentPostprocessing = 0;
		};
		F58E97F52394E40B007FBD22 /* Resources */ = {
			isa = PBXResourcesBuildPhase;
			buildActionMask = 2147483647;
			files = (
			);
			runOnlyForDeploymentPostprocessing = 0;
		};
		F58E98002394E40B007FBD22 /* Resources */ = {
			isa = PBXResourcesBuildPhase;
			buildActionMask = 2147483647;
			files = (
			);
			runOnlyForDeploymentPostprocessing = 0;
		};
/* End PBXResourcesBuildPhase section */

/* Begin PBXSourcesBuildPhase section */
		F58E97DF2394E402007FBD22 /* Sources */ = {
			isa = PBXSourcesBuildPhase;
			buildActionMask = 2147483647;
			files = (
				F58E97E92394E402007FBD22 /* ViewController.swift in Sources */,
				F58E97E72394E402007FBD22 /* AppDelegate.swift in Sources */,
			);
			runOnlyForDeploymentPostprocessing = 0;
		};
		F58E97F32394E40B007FBD22 /* Sources */ = {
			isa = PBXSourcesBuildPhase;
			buildActionMask = 2147483647;
			files = (
				F58E97FC2394E40B007FBD22 /* fruitTests.swift in Sources */,
			);
			runOnlyForDeploymentPostprocessing = 0;
		};
		F58E97FE2394E40B007FBD22 /* Sources */ = {
			isa = PBXSourcesBuildPhase;
			buildActionMask = 2147483647;
			files = (
				F58E98072394E40B007FBD22 /* fruitUITests.swift in Sources */,
			);
			runOnlyForDeploymentPostprocessing = 0;
		};
/* End PBXSourcesBuildPhase section */

/* Begin PBXTargetDependency section */
		F58E97F92394E40B007FBD22 /* PBXTargetDependency */ = {
			isa = PBXTargetDependency;
			target = F58E97E22394E402007FBD22 /* fruit */;
			targetProxy = F58E97F82394E40B007FBD22 /* PBXContainerItemProxy */;
		};
		F58E98042394E40B007FBD22 /* PBXTargetDependency */ = {
			isa = PBXTargetDependency;
			target = F58E97E22394E402007FBD22 /* fruit */;
			targetProxy = F58E98032394E40B007FBD22 /* PBXContainerItemProxy */;
		};
/* End PBXTargetDependency section */

/* Begin PBXVariantGroup section */
		F58E97EA2394E402007FBD22 /* Main.storyboard */ = {
			isa = PBXVariantGroup;
			children = (
				F58E97EB2394E402007FBD22 /* Base */,
			);
			name = Main.storyboard;
			sourceTree = "<group>";
		};
		F58E97EF2394E40B007FBD22 /* LaunchScreen.storyboard */ = {
			isa = PBXVariantGroup;
			children = (
				F58E97F02394E40B007FBD22 /* Base */,
			);
			name = LaunchScreen.storyboard;
			sourceTree = "<group>";
		};
/* End PBXVariantGroup section */

/* Begin XCBuildConfiguration section */
		F58E98092394E40B007FBD22 /* Debug */ = {
			isa = XCBuildConfiguration;
			buildSettings = {
				ALWAYS_SEARCH_USER_PATHS = NO;
				CLANG_ANALYZER_NONNULL = YES;
				CLANG_ANALYZER_NUMBER_OBJECT_CONVERSION = YES_AGGRESSIVE;
				CLANG_CXX_LANGUAGE_STANDARD = "gnu++14";
				CLANG_CXX_LIBRARY = "libc++";
				CLANG_ENABLE_MODULES = YES;
				CLANG_ENABLE_OBJC_ARC = YES;
				CLANG_ENABLE_OBJC_WEAK = YES;
				CLANG_WARN_BLOCK_CAPTURE_AUTORELEASING = YES;
				CLANG_WARN_BOOL_CONVERSION = YES;
				CLANG_WARN_COMMA = YES;
				CLANG_WARN_CONSTANT_CONVERSION = YES;
				CLANG_WARN_DEPRECATED_OBJC_IMPLEMENTATIONS = YES;
				CLANG_WARN_DIRECT_OBJC_ISA_USAGE = YES_ERROR;
				CLANG_WARN_DOCUMENTATION_COMMENTS = YES;
				CLANG_WARN_EMPTY_BODY = YES;
				CLANG_WARN_ENUM_CONVERSION = YES;
				CLANG_WARN_INFINITE_RECURSION = YES;
				CLANG_WARN_INT_CONVERSION = YES;
				CLANG_WARN_NON_LITERAL_NULL_CONVERSION = YES;
				CLANG_WARN_OBJC_IMPLICIT_RETAIN_SELF = YES;
				CLANG_WARN_OBJC_LITERAL_CONVERSION = YES;
				CLANG_WARN_OBJC_ROOT_CLASS = YES_ERROR;
				CLANG_WARN_RANGE_LOOP_ANALYSIS = YES;
				CLANG_WARN_STRICT_PROTOTYPES = YES;
				CLANG_WARN_SUSPICIOUS_MOVE = YES;
				CLANG_WARN_UNGUARDED_AVAILABILITY = YES_AGGRESSIVE;
				CLANG_WARN_UNREACHABLE_CODE = YES;
				CLANG_WARN__DUPLICATE_METHOD_MATCH = YES;
				CODE_SIGN_IDENTITY = "iPhone Developer";
				COPY_PHASE_STRIP = NO;
				DEBUG_INFORMATION_FORMAT = dwarf;
				ENABLE_STRICT_OBJC_MSGSEND = YES;
				ENABLE_TESTABILITY = YES;
				GCC_C_LANGUAGE_STANDARD = gnu11;
				GCC_DYNAMIC_NO_PIC = NO;
				GCC_NO_COMMON_BLOCKS = YES;
				GCC_OPTIMIZATION_LEVEL = 0;
				GCC_PREPROCESSOR_DEFINITIONS = (
					"DEBUG=1",
					"$(inherited)",
				);
				GCC_WARN_64_TO_32_BIT_CONVERSION = YES;
				GCC_WARN_ABOUT_RETURN_TYPE = YES_ERROR;
				GCC_WARN_UNDECLARED_SELECTOR = YES;
				GCC_WARN_UNINITIALIZED_AUTOS = YES_AGGRESSIVE;
				GCC_WARN_UNUSED_FUNCTION = YES;
				GCC_WARN_UNUSED_VARIABLE = YES;
				IPHONEOS_DEPLOYMENT_TARGET = 12.1;
				MTL_ENABLE_DEBUG_INFO = INCLUDE_SOURCE;
				MTL_FAST_MATH = YES;
				ONLY_ACTIVE_ARCH = YES;
				SDKROOT = iphoneos;
				SWIFT_ACTIVE_COMPILATION_CONDITIONS = DEBUG;
				SWIFT_OPTIMIZATION_LEVEL = "-Onone";
			};
			name = Debug;
		};
		F58E980A2394E40B007FBD22 /* Release */ = {
			isa = XCBuildConfiguration;
			buildSettings = {
				ALWAYS_SEARCH_USER_PATHS = NO;
				CLANG_ANALYZER_NONNULL = YES;
				CLANG_ANALYZER_NUMBER_OBJECT_CONVERSION = YES_AGGRESSIVE;
				CLANG_CXX_LANGUAGE_STANDARD = "gnu++14";
				CLANG_CXX_LIBRARY = "libc++";
				CLANG_ENABLE_MODULES = YES;
				CLANG_ENABLE_OBJC_ARC = YES;
				CLANG_ENABLE_OBJC_WEAK = YES;
				CLANG_WARN_BLOCK_CAPTURE_AUTORELEASING = YES;
				CLANG_WARN_BOOL_CONVERSION = YES;
				CLANG_WARN_COMMA = YES;
				CLANG_WARN_CONSTANT_CONVERSION = YES;
				CLANG_WARN_DEPRECATED_OBJC_IMPLEMENTATIONS = YES;
				CLANG_WARN_DIRECT_OBJC_ISA_USAGE = YES_ERROR;
				CLANG_WARN_DOCUMENTATION_COMMENTS = YES;
				CLANG_WARN_EMPTY_BODY = YES;
				CLANG_WARN_ENUM_CONVERSION = YES;
				CLANG_WARN_INFINITE_RECURSION = YES;
				CLANG_WARN_INT_CONVERSION = YES;
				CLANG_WARN_NON_LITERAL_NULL_CONVERSION = YES;
				CLANG_WARN_OBJC_IMPLICIT_RETAIN_SELF = YES;
				CLANG_WARN_OBJC_LITERAL_CONVERSION = YES;
				CLANG_WARN_OBJC_ROOT_CLASS = YES_ERROR;
				CLANG_WARN_RANGE_LOOP_ANALYSIS = YES;
				CLANG_WARN_STRICT_PROTOTYPES = YES;
				CLANG_WARN_SUSPICIOUS_MOVE = YES;
				CLANG_WARN_UNGUARDED_AVAILABILITY = YES_AGGRESSIVE;
				CLANG_WARN_UNREACHABLE_CODE = YES;
				CLANG_WARN__DUPLICATE_METHOD_MATCH = YES;
				CODE_SIGN_IDENTITY = "iPhone Developer";
				COPY_PHASE_STRIP = NO;
				DEBUG_INFORMATION_FORMAT = "dwarf-with-dsym";
				ENABLE_NS_ASSERTIONS = NO;
				ENABLE_STRICT_OBJC_MSGSEND = YES;
				GCC_C_LANGUAGE_STANDARD = gnu11;
				GCC_NO_COMMON_BLOCKS = YES;
				GCC_WARN_64_TO_32_BIT_CONVERSION = YES;
				GCC_WARN_ABOUT_RETURN_TYPE = YES_ERROR;
				GCC_WARN_UNDECLARED_SELECTOR = YES;
				GCC_WARN_UNINITIALIZED_AUTOS = YES_AGGRESSIVE;
				GCC_WARN_UNUSED_FUNCTION = YES;
				GCC_WARN_UNUSED_VARIABLE = YES;
				IPHONEOS_DEPLOYMENT_TARGET = 12.1;
				MTL_ENABLE_DEBUG_INFO = NO;
				MTL_FAST_MATH = YES;
				SDKROOT = iphoneos;
				SWIFT_COMPILATION_MODE = wholemodule;
				SWIFT_OPTIMIZATION_LEVEL = "-O";
				VALIDATE_PRODUCT = YES;
			};
			name = Release;
		};
		F58E980C2394E40B007FBD22 /* Debug */ = {
			isa = XCBuildConfiguration;
			buildSettings = {
				ASSETCATALOG_COMPILER_APPICON_NAME = AppIcon;
				CODE_SIGN_STYLE = Automatic;
				INFOPLIST_FILE = fruit/Info.plist;
				LD_RUNPATH_SEARCH_PATHS = (
					"$(inherited)",
					"@executable_path/Frameworks",
				);
				PRODUCT_BUNDLE_IDENTIFIER = dit.co.kr.fruit;
				PRODUCT_NAME = "$(TARGET_NAME)";
				SWIFT_VERSION = 4.2;
				TARGETED_DEVICE_FAMILY = "1,2";
			};
			name = Debug;
		};
		F58E980D2394E40B007FBD22 /* Release */ = {
			isa = XCBuildConfiguration;
			buildSettings = {
				ASSETCATALOG_COMPILER_APPICON_NAME = AppIcon;
				CODE_SIGN_STYLE = Automatic;
				INFOPLIST_FILE = fruit/Info.plist;
				LD_RUNPATH_SEARCH_PATHS = (
					"$(inherited)",
					"@executable_path/Frameworks",
				);
				PRODUCT_BUNDLE_IDENTIFIER = dit.co.kr.fruit;
				PRODUCT_NAME = "$(TARGET_NAME)";
				SWIFT_VERSION = 4.2;
				TARGETED_DEVICE_FAMILY = "1,2";
			};
			name = Release;
		};
		F58E980F2394E40B007FBD22 /* Debug */ = {
			isa = XCBuildConfiguration;
			buildSettings = {
				ALWAYS_EMBED_SWIFT_STANDARD_LIBRARIES = YES;
				BUNDLE_LOADER = "$(TEST_HOST)";
				CODE_SIGN_STYLE = Automatic;
				INFOPLIST_FILE = fruitTests/Info.plist;
				LD_RUNPATH_SEARCH_PATHS = (
					"$(inherited)",
					"@executable_path/Frameworks",
					"@loader_path/Frameworks",
				);
				PRODUCT_BUNDLE_IDENTIFIER = dit.co.kr.fruitTests;
				PRODUCT_NAME = "$(TARGET_NAME)";
				SWIFT_VERSION = 4.2;
				TARGETED_DEVICE_FAMILY = "1,2";
				TEST_HOST = "$(BUILT_PRODUCTS_DIR)/fruit.app/fruit";
			};
			name = Debug;
		};
		F58E98102394E40B007FBD22 /* Release */ = {
			isa = XCBuildConfiguration;
			buildSettings = {
				ALWAYS_EMBED_SWIFT_STANDARD_LIBRARIES = YES;
				BUNDLE_LOADER = "$(TEST_HOST)";
				CODE_SIGN_STYLE = Automatic;
				INFOPLIST_FILE = fruitTests/Info.plist;
				LD_RUNPATH_SEARCH_PATHS = (
					"$(inherited)",
					"@executable_path/Frameworks",
					"@loader_path/Frameworks",
				);
				PRODUCT_BUNDLE_IDENTIFIER = dit.co.kr.fruitTests;
				PRODUCT_NAME = "$(TARGET_NAME)";
				SWIFT_VERSION = 4.2;
				TARGETED_DEVICE_FAMILY = "1,2";
				TEST_HOST = "$(BUILT_PRODUCTS_DIR)/fruit.app/fruit";
			};
			name = Release;
		};
		F58E98122394E40B007FBD22 /* Debug */ = {
			isa = XCBuildConfiguration;
			buildSettings = {
				ALWAYS_EMBED_SWIFT_STANDARD_LIBRARIES = YES;
				CODE_SIGN_STYLE = Automatic;
				INFOPLIST_FILE = fruitUITests/Info.plist;
				LD_RUNPATH_SEARCH_PATHS = (
					"$(inherited)",
					"@executable_path/Frameworks",
					"@loader_path/Frameworks",
				);
				PRODUCT_BUNDLE_IDENTIFIER = dit.co.kr.fruitUITests;
				PRODUCT_NAME = "$(TARGET_NAME)";
				SWIFT_VERSION = 4.2;
				TARGETED_DEVICE_FAMILY = "1,2";
				TEST_TARGET_NAME = fruit;
			};
			name = Debug;
		};
		F58E98132394E40B007FBD22 /* Release */ = {
			isa = XCBuildConfiguration;
			buildSettings = {
				ALWAYS_EMBED_SWIFT_STANDARD_LIBRARIES = YES;
				CODE_SIGN_STYLE = Automatic;
				INFOPLIST_FILE = fruitUITests/Info.plist;
				LD_RUNPATH_SEARCH_PATHS = (
					"$(inherited)",
					"@executable_path/Frameworks",
					"@loader_path/Frameworks",
				);
				PRODUCT_BUNDLE_IDENTIFIER = dit.co.kr.fruitUITests;
				PRODUCT_NAME = "$(TARGET_NAME)";
				SWIFT_VERSION = 4.2;
				TARGETED_DEVICE_FAMILY = "1,2";
				TEST_TARGET_NAME = fruit;
			};
			name = Release;
		};
/* End XCBuildConfiguration section */

/* Begin XCConfigurationList section */
		F58E97DE2394E402007FBD22 /* Build configuration list for PBXProject "fruit" */ = {
			isa = XCConfigurationList;
			buildConfigurations = (
				F58E98092394E40B007FBD22 /* Debug */,
				F58E980A2394E40B007FBD22 /* Release */,
			);
			defaultConfigurationIsVisible = 0;
			defaultConfigurationName = Release;
		};
		F58E980B2394E40B007FBD22 /* Build configuration list for PBXNativeTarget "fruit" */ = {
			isa = XCConfigurationList;
			buildConfigurations = (
				F58E980C2394E40B007FBD22 /* Debug */,
				F58E980D2394E40B007FBD22 /* Release */,
			);
			defaultConfigurationIsVisible = 0;
			defaultConfigurationName = Release;
		};
		F58E980E2394E40B007FBD22 /* Build configuration list for PBXNativeTarget "fruitTests" */ = {
			isa = XCConfigurationList;
			buildConfigurations = (
				F58E980F2394E40B007FBD22 /* Debug */,
				F58E98102394E40B007FBD22 /* Release */,
			);
			defaultConfigurationIsVisible = 0;
			defaultConfigurationName = Release;
		};
		F58E98112394E40B007FBD22 /* Build configuration list for PBXNativeTarget "fruitUITests" */ = {
			isa = XCConfigurationList;
			buildConfigurations = (
				F58E98122394E40B007FBD22 /* Debug */,
				F58E98132394E40B007FBD22 /* Release */,
			);
			defaultConfigurationIsVisible = 0;
			defaultConfigurationName = Release;
		};
/* End XCConfigurationList section */
	};
	rootObject = F58E97DB2394E402007FBD22 /* Project object */;
}
